
Microsoft Visual Studio Solution File, Format Version 12.00
# Visual Studio 14
VisualStudioVersion = 14.0.25420.1
MinimumVisualStudioVersion = 10.0.40219.1
Project("{FAE04EC0-301F-11D3-BF4B-00C04F79EFBC}") = "ComicBookPresentation", "ComicBookOrdering\ComicBookPresentation.csproj", "{827F1795-3FBA-43AE-85C4-320F6CDACDA7}"
EndProject
Project("{FAE04EC0-301F-11D3-BF4B-00C04F79EFBC}") = "ComicBookDataAccess", "ComicBookDataAccess\ComicBookDataAccess.csproj", "{77F3D029-6C04-4164-B80C-A494F598E4C4}"
EndProject
Project("{FAE04EC0-301F-11D3-BF4B-00C04F79EFBC}") = "ComicBookDataObjects", "ComicBookDataObjects\ComicBookDataObjects.csproj", "{DCC4DE1E-16BA-4457-BDAF-F868888973ED}"
EndProject
Project("{FAE04EC0-301F-11D3-BF4B-00C04F79EFBC}") = "ComicBookLogic", "ComicBookLogic\ComicBookLogic.csproj", "{24A7E2CB-1EE8-4ED6-86AB-8D3C279C6B02}"
EndProject
Project("{FAE04EC0-301F-11D3-BF4B-00C04F79EFBC}") = "MVCPresentation", "MVCPresentation\MVCPresentation.csproj", "{7B2CA5D1-AFC4-4221-85C9-A438FE167B01}"
EndProject
Global
	GlobalSection(SolutionConfigurationPlatforms) = preSolution
		Debug|Any CPU = Debug|Any CPU
		Release|Any CPU = Release|Any CPU
	EndGlobalSection
	GlobalSection(ProjectConfigurationPlatforms) = postSolution
		{827F1795-3FBA-43AE-85C4-320F6CDACDA7}.Debug|Any CPU.ActiveCfg = Debug|Any CPU
		{827F1795-3FBA-43AE-85C4-320F6CDACDA7}.Debug|Any CPU.Build.0 = Debug|Any CPU
		{827F1795-3FBA-43AE-85C4-320F6CDACDA7}.Release|Any CPU.ActiveCfg = Release|Any CPU
		{827F1795-3FBA-43AE-85C4-320F6CDACDA7}.Release|Any CPU.Build.0 = Release|Any CPU
		{77F3D029-6C04-4164-B80C-A494F598E4C4}.Debug|Any CPU.ActiveCfg = Debug|Any CPU
		{77F3D029-6C04-4164-B80C-A494F598E4C4}.Debug|Any CPU.Build.0 = Debug|Any CPU
		{77F3D029-6C04-4164-B80C-A494F598E4C4}.Release|Any CPU.ActiveCfg = Release|Any CPU
		{77F3D029-6C04-4164-B80C-A494F598E4C4}.Release|Any CPU.Build.0 = Release|Any CPU
		{DCC4DE1E-16BA-4457-BDAF-F868888973ED}.Debug|Any CPU.ActiveCfg = Debug|Any CPU
		{DCC4DE1E-16BA-4457-BDAF-F868888973ED}.Debug|Any CPU.Build.0 = Debug|Any CPU
		{DCC4DE1E-16BA-4457-BDAF-F868888973ED}.Release|Any CPU.ActiveCfg = Release|Any CPU
		{DCC4DE1E-16BA-4457-BDAF-F868888973ED}.Release|Any CPU.Build.0 = Release|Any CPU
		{24A7E2CB-1EE8-4ED6-86AB-8D3C279C6B02}.Debug|Any CPU.ActiveCfg = Debug|Any CPU
		{24A7E2CB-1EE8-4ED6-86AB-8D3C279C6B02}.Debug|Any CPU.Build.0 = Debug|Any CPU
		{24A7E2CB-1EE8-4ED6-86AB-8D3C279C6B02}.Release|Any CPU.ActiveCfg = Release|Any CPU
		{24A7E2CB-1EE8-4ED6-86AB-8D3C279C6B02}.Release|Any CPU.Build.0 = Release|Any CPU
		{7B2CA5D1-AFC4-4221-85C9-A438FE167B01}.Debug|Any CPU.ActiveCfg = Debug|Any CPU
		{7B2CA5D1-AFC4-4221-85C9-A438FE167B01}.Debug|Any CPU.Build.0 = Debug|Any CPU
		{7B2CA5D1-AFC4-4221-85C9-A438FE167B01}.Release|Any CPU.ActiveCfg = Release|Any CPU
		{7B2CA5D1-AFC4-4221-85C9-A438FE167B01}.Release|Any CPU.Build.0 = Release|Any CPU
	EndGlobalSection
	GlobalSection(SolutionProperties) = preSolution
		HideSolutionNode = FALSE
	EndGlobalSection
EndGlobal
